
Microsoft Visual Studio Solution File, Format Version 12.00
# Visual Studio 14
VisualStudioVersion = 14.0.25123.0
MinimumVisualStudioVersion = 10.0.40219.1
Project("{D954291E-2A0B-460D-934E-DC6B0785DB48}") = "tastxam", "tastxam\tastxam\tastxam.shproj", "{DDD48093-9045-4AD8-AB5D-9DB91081009B}"
EndProject
Project("{FAE04EC0-301F-11D3-BF4B-00C04F79EFBC}") = "tastxam.Droid", "tastxam\tastxam.Droid\tastxam.Droid.csproj", "{B08A7B2F-C08E-46BC-BFAE-B2AAF054CAF8}"
EndProject
Project("{FAE04EC0-301F-11D3-BF4B-00C04F79EFBC}") = "tastxam.iOS", "tastxam\tastxam.iOS\tastxam.iOS.csproj", "{FD3969A5-EF54-4E9D-B89D-F093A748C331}"
EndProject
Project("{FAE04EC0-301F-11D3-BF4B-00C04F79EFBC}") = "tastxam.WinPhone", "tastxam\tastxam.WinPhone\tastxam.WinPhone.csproj", "{9D26D93A-4009-4E25-B6FA-C3578E96E189}"
EndProject
Project("{FAE04EC0-301F-11D3-BF4B-00C04F79EFBC}") = "tastxam.Windows", "tastxam\tastxam.Windows\tastxam.Windows.csproj", "{97D2090F-D3D5-4A65-9281-7AD5F08C82B1}"
EndProject
Global
	GlobalSection(SharedMSBuildProjectFiles) = preSolution
		tastxam\tastxam\tastxam.projitems*{b08a7b2f-c08e-46bc-bfae-b2aaf054caf8}*SharedItemsImports = 4
		tastxam\tastxam\tastxam.projitems*{ddd48093-9045-4ad8-ab5d-9db91081009b}*SharedItemsImports = 13
		tastxam\tastxam\tastxam.projitems*{fd3969a5-ef54-4e9d-b89d-f093a748c331}*SharedItemsImports = 4
		tastxam\tastxam\tastxam.projitems*{9d26d93a-4009-4e25-b6fa-c3578e96e189}*SharedItemsImports = 4
		tastxam\tastxam\tastxam.projitems*{97d2090f-d3d5-4a65-9281-7ad5f08c82b1}*SharedItemsImports = 4
	EndGlobalSection
	GlobalSection(SolutionConfigurationPlatforms) = preSolution
		Ad-Hoc|Any CPU = Ad-Hoc|Any CPU
		Ad-Hoc|ARM = Ad-Hoc|ARM
		Ad-Hoc|iPhone = Ad-Hoc|iPhone
		Ad-Hoc|iPhoneSimulator = Ad-Hoc|iPhoneSimulator
		Ad-Hoc|x64 = Ad-Hoc|x64
		Ad-Hoc|x86 = Ad-Hoc|x86
		AppStore|Any CPU = AppStore|Any CPU
		AppStore|ARM = AppStore|ARM
		AppStore|iPhone = AppStore|iPhone
		AppStore|iPhoneSimulator = AppStore|iPhoneSimulator
		AppStore|x64 = AppStore|x64
		AppStore|x86 = AppStore|x86
		Debug|Any CPU = Debug|Any CPU
		Debug|ARM = Debug|ARM
		Debug|iPhone = Debug|iPhone
		Debug|iPhoneSimulator = Debug|iPhoneSimulator
		Debug|x64 = Debug|x64
		Debug|x86 = Debug|x86
		Release|Any CPU = Release|Any CPU
		Release|ARM = Release|ARM
		Release|iPhone = Release|iPhone
		Release|iPhoneSimulator = Release|iPhoneSimulator
		Release|x64 = Release|x64
		Release|x86 = Release|x86
	EndGlobalSection
	GlobalSection(ProjectConfigurationPlatforms) = postSolution
		{B08A7B2F-C08E-46BC-BFAE-B2AAF054CAF8}.Ad-Hoc|Any CPU.ActiveCfg = Release|Any CPU
		{B08A7B2F-C08E-46BC-BFAE-B2AAF054CAF8}.Ad-Hoc|Any CPU.Build.0 = Release|Any CPU
		{B08A7B2F-C08E-46BC-BFAE-B2AAF054CAF8}.Ad-Hoc|Any CPU.Deploy.0 = Release|Any CPU
		{B08A7B2F-C08E-46BC-BFAE-B2AAF054CAF8}.Ad-Hoc|ARM.ActiveCfg = Release|Any CPU
		{B08A7B2F-C08E-46BC-BFAE-B2AAF054CAF8}.Ad-Hoc|ARM.Build.0 = Release|Any CPU
		{B08A7B2F-C08E-46BC-BFAE-B2AAF054CAF8}.Ad-Hoc|ARM.Deploy.0 = Release|Any CPU
		{B08A7B2F-C08E-46BC-BFAE-B2AAF054CAF8}.Ad-Hoc|iPhone.ActiveCfg = Release|Any CPU
		{B08A7B2F-C08E-46BC-BFAE-B2AAF054CAF8}.Ad-Hoc|iPhone.Build.0 = Release|Any CPU
		{B08A7B2F-C08E-46BC-BFAE-B2AAF054CAF8}.Ad-Hoc|iPhone.Deploy.0 = Release|Any CPU
		{B08A7B2F-C08E-46BC-BFAE-B2AAF054CAF8}.Ad-Hoc|iPhoneSimulator.ActiveCfg = Release|Any CPU
		{B08A7B2F-C08E-46BC-BFAE-B2AAF054CAF8}.Ad-Hoc|iPhoneSimulator.Build.0 = Release|Any CPU
		{B08A7B2F-C08E-46BC-BFAE-B2AAF054CAF8}.Ad-Hoc|iPhoneSimulator.Deploy.0 = Release|Any CPU
		{B08A7B2F-C08E-46BC-BFAE-B2AAF054CAF8}.Ad-Hoc|x64.ActiveCfg = Release|Any CPU
		{B08A7B2F-C08E-46BC-BFAE-B2AAF054CAF8}.Ad-Hoc|x64.Build.0 = Release|Any CPU
		{B08A7B2F-C08E-46BC-BFAE-B2AAF054CAF8}.Ad-Hoc|x64.Deploy.0 = Release|Any CPU
		{B08A7B2F-C08E-46BC-BFAE-B2AAF054CAF8}.Ad-Hoc|x86.ActiveCfg = Release|Any CPU
		{B08A7B2F-C08E-46BC-BFAE-B2AAF054CAF8}.Ad-Hoc|x86.Build.0 = Release|Any CPU
		{B08A7B2F-C08E-46BC-BFAE-B2AAF054CAF8}.Ad-Hoc|x86.Deploy.0 = Release|Any CPU
		{B08A7B2F-C08E-46BC-BFAE-B2AAF054CAF8}.AppStore|Any CPU.ActiveCfg = Release|Any CPU
		{B08A7B2F-C08E-46BC-BFAE-B2AAF054CAF8}.AppStore|Any CPU.Build.0 = Release|Any CPU
		{B08A7B2F-C08E-46BC-BFAE-B2AAF054CAF8}.AppStore|Any CPU.Deploy.0 = Release|Any CPU
		{B08A7B2F-C08E-46BC-BFAE-B2AAF054CAF8}.AppStore|ARM.ActiveCfg = Release|Any CPU
		{B08A7B2F-C08E-46BC-BFAE-B2AAF054CAF8}.AppStore|ARM.Build.0 = Release|Any CPU
		{B08A7B2F-C08E-46BC-BFAE-B2AAF054CAF8}.AppStore|ARM.Deploy.0 = Release|Any CPU
		{B08A7B2F-C08E-46BC-BFAE-B2AAF054CAF8}.AppStore|iPhone.ActiveCfg = Release|Any CPU
		{B08A7B2F-C08E-46BC-BFAE-B2AAF054CAF8}.AppStore|iPhone.Build.0 = Release|Any CPU
		{B08A7B2F-C08E-46BC-BFAE-B2AAF054CAF8}.AppStore|iPhone.Deploy.0 = Release|Any CPU
		{B08A7B2F-C08E-46BC-BFAE-B2AAF054CAF8}.AppStore|iPhoneSimulator.ActiveCfg = Release|Any CPU
		{B08A7B2F-C08E-46BC-BFAE-B2AAF054CAF8}.AppStore|iPhoneSimulator.Build.0 = Release|Any CPU
		{B08A7B2F-C08E-46BC-BFAE-B2AAF054CAF8}.AppStore|iPhoneSimulator.Deploy.0 = Release|Any CPU
		{B08A7B2F-C08E-46BC-BFAE-B2AAF054CAF8}.AppStore|x64.ActiveCfg = Release|Any CPU
		{B08A7B2F-C08E-46BC-BFAE-B2AAF054CAF8}.AppStore|x64.Build.0 = Release|Any CPU
		{B08A7B2F-C08E-46BC-BFAE-B2AAF054CAF8}.AppStore|x64.Deploy.0 = Release|Any CPU
		{B08A7B2F-C08E-46BC-BFAE-B2AAF054CAF8}.AppStore|x86.ActiveCfg = Release|Any CPU
		{B08A7B2F-C08E-46BC-BFAE-B2AAF054CAF8}.AppStore|x86.Build.0 = Release|Any CPU
		{B08A7B2F-C08E-46BC-BFAE-B2AAF054CAF8}.AppStore|x86.Deploy.0 = Release|Any CPU
		{B08A7B2F-C08E-46BC-BFAE-B2AAF054CAF8}.Debug|Any CPU.ActiveCfg = Debug|Any CPU
		{B08A7B2F-C08E-46BC-BFAE-B2AAF054CAF8}.Debug|Any CPU.Build.0 = Debug|Any CPU
		{B08A7B2F-C08E-46BC-BFAE-B2AAF054CAF8}.Debug|Any CPU.Deploy.0 = Debug|Any CPU
		{B08A7B2F-C08E-46BC-BFAE-B2AAF054CAF8}.Debug|ARM.ActiveCfg = Debug|Any CPU
		{B08A7B2F-C08E-46BC-BFAE-B2AAF054CAF8}.Debug|ARM.Build.0 = Debug|Any CPU
		{B08A7B2F-C08E-46BC-BFAE-B2AAF054CAF8}.Debug|ARM.Deploy.0 = Debug|Any CPU
		{B08A7B2F-C08E-46BC-BFAE-B2AAF054CAF8}.Debug|iPhone.ActiveCfg = Debug|Any CPU
		{B08A7B2F-C08E-46BC-BFAE-B2AAF054CAF8}.Debug|iPhone.Build.0 = Debug|Any CPU
		{B08A7B2F-C08E-46BC-BFAE-B2AAF054CAF8}.Debug|iPhone.Deploy.0 = Debug|Any CPU
		{B08A7B2F-C08E-46BC-BFAE-B2AAF054CAF8}.Debug|iPhoneSimulator.ActiveCfg = Debug|Any CPU
		{B08A7B2F-C08E-46BC-BFAE-B2AAF054CAF8}.Debug|iPhoneSimulator.Build.0 = Debug|Any CPU
		{B08A7B2F-C08E-46BC-BFAE-B2AAF054CAF8}.Debug|iPhoneSimulator.Deploy.0 = Debug|Any CPU
		{B08A7B2F-C08E-46BC-BFAE-B2AAF054CAF8}.Debug|x64.ActiveCfg = Debug|Any CPU
		{B08A7B2F-C08E-46BC-BFAE-B2AAF054CAF8}.Debug|x64.Build.0 = Debug|Any CPU
		{B08A7B2F-C08E-46BC-BFAE-B2AAF054CAF8}.Debug|x64.Deploy.0 = Debug|Any CPU
		{B08A7B2F-C08E-46BC-BFAE-B2AAF054CAF8}.Debug|x86.ActiveCfg = Debug|Any CPU
		{B08A7B2F-C08E-46BC-BFAE-B2AAF054CAF8}.Debug|x86.Build.0 = Debug|Any CPU
		{B08A7B2F-C08E-46BC-BFAE-B2AAF054CAF8}.Debug|x86.Deploy.0 = Debug|Any CPU
		{B08A7B2F-C08E-46BC-BFAE-B2AAF054CAF8}.Release|Any CPU.ActiveCfg = Release|Any CPU
		{B08A7B2F-C08E-46BC-BFAE-B2AAF054CAF8}.Release|Any CPU.Build.0 = Release|Any CPU
		{B08A7B2F-C08E-46BC-BFAE-B2AAF054CAF8}.Release|Any CPU.Deploy.0 = Release|Any CPU
		{B08A7B2F-C08E-46BC-BFAE-B2AAF054CAF8}.Release|ARM.ActiveCfg = Release|Any CPU
		{B08A7B2F-C08E-46BC-BFAE-B2AAF054CAF8}.Release|ARM.Build.0 = Release|Any CPU
		{B08A7B2F-C08E-46BC-BFAE-B2AAF054CAF8}.Release|ARM.Deploy.0 = Release|Any CPU
		{B08A7B2F-C08E-46BC-BFAE-B2AAF054CAF8}.Release|iPhone.ActiveCfg = Release|Any CPU
		{B08A7B2F-C08E-46BC-BFAE-B2AAF054CAF8}.Release|iPhone.Build.0 = Release|Any CPU
		{B08A7B2F-C08E-46BC-BFAE-B2AAF054CAF8}.Release|iPhone.Deploy.0 = Release|Any CPU
		{B08A7B2F-C08E-46BC-BFAE-B2AAF054CAF8}.Release|iPhoneSimulator.ActiveCfg = Release|Any CPU
		{B08A7B2F-C08E-46BC-BFAE-B2AAF054CAF8}.Release|iPhoneSimulator.Build.0 = Release|Any CPU
		{B08A7B2F-C08E-46BC-BFAE-B2AAF054CAF8}.Release|iPhoneSimulator.Deploy.0 = Release|Any CPU
		{B08A7B2F-C08E-46BC-BFAE-B2AAF054CAF8}.Release|x64.ActiveCfg = Release|Any CPU
		{B08A7B2F-C08E-46BC-BFAE-B2AAF054CAF8}.Release|x64.Build.0 = Release|Any CPU
		{B08A7B2F-C08E-46BC-BFAE-B2AAF054CAF8}.Release|x64.Deploy.0 = Release|Any CPU
		{B08A7B2F-C08E-46BC-BFAE-B2AAF054CAF8}.Release|x86.ActiveCfg = Release|Any CPU
		{B08A7B2F-C08E-46BC-BFAE-B2AAF054CAF8}.Release|x86.Build.0 = Release|Any CPU
		{B08A7B2F-C08E-46BC-BFAE-B2AAF054CAF8}.Release|x86.Deploy.0 = Release|Any CPU
		{FD3969A5-EF54-4E9D-B89D-F093A748C331}.Ad-Hoc|Any CPU.ActiveCfg = Ad-Hoc|iPhone
		{FD3969A5-EF54-4E9D-B89D-F093A748C331}.Ad-Hoc|ARM.ActiveCfg = Ad-Hoc|iPhone
		{FD3969A5-EF54-4E9D-B89D-F093A748C331}.Ad-Hoc|iPhone.ActiveCfg = Ad-Hoc|iPhone
		{FD3969A5-EF54-4E9D-B89D-F093A748C331}.Ad-Hoc|iPhone.Build.0 = Ad-Hoc|iPhone
		{FD3969A5-EF54-4E9D-B89D-F093A748C331}.Ad-Hoc|iPhoneSimulator.ActiveCfg = Ad-Hoc|iPhoneSimulator
		{FD3969A5-EF54-4E9D-B89D-F093A748C331}.Ad-Hoc|iPhoneSimulator.Build.0 = Ad-Hoc|iPhoneSimulator
		{FD3969A5-EF54-4E9D-B89D-F093A748C331}.Ad-Hoc|x64.ActiveCfg = Ad-Hoc|iPhone
		{FD3969A5-EF54-4E9D-B89D-F093A748C331}.Ad-Hoc|x86.ActiveCfg = Ad-Hoc|iPhone
		{FD3969A5-EF54-4E9D-B89D-F093A748C331}.AppStore|Any CPU.ActiveCfg = AppStore|iPhone
		{FD3969A5-EF54-4E9D-B89D-F093A748C331}.AppStore|ARM.ActiveCfg = AppStore|iPhone
		{FD3969A5-EF54-4E9D-B89D-F093A748C331}.AppStore|iPhone.ActiveCfg = AppStore|iPhone
		{FD3969A5-EF54-4E9D-B89D-F093A748C331}.AppStore|iPhone.Build.0 = AppStore|iPhone
		{FD3969A5-EF54-4E9D-B89D-F093A748C331}.AppStore|iPhoneSimulator.ActiveCfg = AppStore|iPhoneSimulator
		{FD3969A5-EF54-4E9D-B89D-F093A748C331}.AppStore|iPhoneSimulator.Build.0 = AppStore|iPhoneSimulator
		{FD3969A5-EF54-4E9D-B89D-F093A748C331}.AppStore|x64.ActiveCfg = AppStore|iPhone
		{FD3969A5-EF54-4E9D-B89D-F093A748C331}.AppStore|x86.ActiveCfg = AppStore|iPhone
		{FD3969A5-EF54-4E9D-B89D-F093A748C331}.Debug|Any CPU.ActiveCfg = Debug|iPhone
		{FD3969A5-EF54-4E9D-B89D-F093A748C331}.Debug|ARM.ActiveCfg = Debug|iPhone
		{FD3969A5-EF54-4E9D-B89D-F093A748C331}.Debug|iPhone.ActiveCfg = Debug|iPhone
		{FD3969A5-EF54-4E9D-B89D-F093A748C331}.Debug|iPhone.Build.0 = Debug|iPhone
		{FD3969A5-EF54-4E9D-B89D-F093A748C331}.Debug|iPhoneSimulator.ActiveCfg = Debug|iPhoneSimulator
		{FD3969A5-EF54-4E9D-B89D-F093A748C331}.Debug|iPhoneSimulator.Build.0 = Debug|iPhoneSimulator
		{FD3969A5-EF54-4E9D-B89D-F093A748C331}.Debug|x64.ActiveCfg = Debug|iPhone
		{FD3969A5-EF54-4E9D-B89D-F093A748C331}.Debug|x86.ActiveCfg = Debug|iPhone
		{FD3969A5-EF54-4E9D-B89D-F093A748C331}.Release|Any CPU.ActiveCfg = Release|iPhone
		{FD3969A5-EF54-4E9D-B89D-F093A748C331}.Release|ARM.ActiveCfg = Release|iPhone
		{FD3969A5-EF54-4E9D-B89D-F093A748C331}.Release|iPhone.ActiveCfg = Release|iPhone
		{FD3969A5-EF54-4E9D-B89D-F093A748C331}.Release|iPhone.Build.0 = Release|iPhone
		{FD3969A5-EF54-4E9D-B89D-F093A748C331}.Release|iPhoneSimulator.ActiveCfg = Release|iPhoneSimulator
		{FD3969A5-EF54-4E9D-B89D-F093A748C331}.Release|iPhoneSimulator.Build.0 = Release|iPhoneSimulator
		{FD3969A5-EF54-4E9D-B89D-F093A748C331}.Release|x64.ActiveCfg = Release|iPhone
		{FD3969A5-EF54-4E9D-B89D-F093A748C331}.Release|x86.ActiveCfg = Release|iPhone
		{9D26D93A-4009-4E25-B6FA-C3578E96E189}.Ad-Hoc|Any CPU.ActiveCfg = Release|Any CPU
		{9D26D93A-4009-4E25-B6FA-C3578E96E189}.Ad-Hoc|Any CPU.Build.0 = Release|Any CPU
		{9D26D93A-4009-4E25-B6FA-C3578E96E189}.Ad-Hoc|Any CPU.Deploy.0 = Release|Any CPU
		{9D26D93A-4009-4E25-B6FA-C3578E96E189}.Ad-Hoc|ARM.ActiveCfg = Release|ARM
		{9D26D93A-4009-4E25-B6FA-C3578E96E189}.Ad-Hoc|ARM.Build.0 = Release|ARM
		{9D26D93A-4009-4E25-B6FA-C3578E96E189}.Ad-Hoc|ARM.Deploy.0 = Release|ARM
		{9D26D93A-4009-4E25-B6FA-C3578E96E189}.Ad-Hoc|iPhone.ActiveCfg = Release|Any CPU
		{9D26D93A-4009-4E25-B6FA-C3578E96E189}.Ad-Hoc|iPhone.Build.0 = Release|Any CPU
		{9D26D93A-4009-4E25-B6FA-C3578E96E189}.Ad-Hoc|iPhone.Deploy.0 = Release|Any CPU
		{9D26D93A-4009-4E25-B6FA-C3578E96E189}.Ad-Hoc|iPhoneSimulator.ActiveCfg = Release|Any CPU
		{9D26D93A-4009-4E25-B6FA-C3578E96E189}.Ad-Hoc|iPhoneSimulator.Build.0 = Release|Any CPU
		{9D26D93A-4009-4E25-B6FA-C3578E96E189}.Ad-Hoc|iPhoneSimulator.Deploy.0 = Release|Any CPU
		{9D26D93A-4009-4E25-B6FA-C3578E96E189}.Ad-Hoc|x64.ActiveCfg = Release|Any CPU
		{9D26D93A-4009-4E25-B6FA-C3578E96E189}.Ad-Hoc|x64.Build.0 = Release|Any CPU
		{9D26D93A-4009-4E25-B6FA-C3578E96E189}.Ad-Hoc|x64.Deploy.0 = Release|Any CPU
		{9D26D93A-4009-4E25-B6FA-C3578E96E189}.Ad-Hoc|x86.ActiveCfg = Release|x86
		{9D26D93A-4009-4E25-B6FA-C3578E96E189}.Ad-Hoc|x86.Build.0 = Release|x86
		{9D26D93A-4009-4E25-B6FA-C3578E96E189}.Ad-Hoc|x86.Deploy.0 = Release|x86
		{9D26D93A-4009-4E25-B6FA-C3578E96E189}.AppStore|Any CPU.ActiveCfg = Release|Any CPU
		{9D26D93A-4009-4E25-B6FA-C3578E96E189}.AppStore|Any CPU.Build.0 = Release|Any CPU
		{9D26D93A-4009-4E25-B6FA-C3578E96E189}.AppStore|Any CPU.Deploy.0 = Release|Any CPU
		{9D26D93A-4009-4E25-B6FA-C3578E96E189}.AppStore|ARM.ActiveCfg = Release|ARM
		{9D26D93A-4009-4E25-B6FA-C3578E96E189}.AppStore|ARM.Build.0 = Release|ARM
		{9D26D93A-4009-4E25-B6FA-C3578E96E189}.AppStore|ARM.Deploy.0 = Release|ARM
		{9D26D93A-4009-4E25-B6FA-C3578E96E189}.AppStore|iPhone.ActiveCfg = Release|Any CPU
		{9D26D93A-4009-4E25-B6FA-C3578E96E189}.AppStore|iPhone.Build.0 = Release|Any CPU
		{9D26D93A-4009-4E25-B6FA-C3578E96E189}.AppStore|iPhone.Deploy.0 = Release|Any CPU
		{9D26D93A-4009-4E25-B6FA-C3578E96E189}.AppStore|iPhoneSimulator.ActiveCfg = Release|Any CPU
		{9D26D93A-4009-4E25-B6FA-C3578E96E189}.AppStore|iPhoneSimulator.Build.0 = Release|Any CPU
		{9D26D93A-4009-4E25-B6FA-C3578E96E189}.AppStore|iPhoneSimulator.Deploy.0 = Release|Any CPU
		{9D26D93A-4009-4E25-B6FA-C3578E96E189}.AppStore|x64.ActiveCfg = Release|Any CPU
		{9D26D93A-4009-4E25-B6FA-C3578E96E189}.AppStore|x64.Build.0 = Release|Any CPU
		{9D26D93A-4009-4E25-B6FA-C3578E96E189}.AppStore|x64.Deploy.0 = Release|Any CPU
		{9D26D93A-4009-4E25-B6FA-C3578E96E189}.AppStore|x86.ActiveCfg = Release|x86
		{9D26D93A-4009-4E25-B6FA-C3578E96E189}.AppStore|x86.Build.0 = Release|x86
		{9D26D93A-4009-4E25-B6FA-C3578E96E189}.AppStore|x86.Deploy.0 = Release|x86
		{9D26D93A-4009-4E25-B6FA-C3578E96E189}.Debug|Any CPU.ActiveCfg = Debug|Any CPU
		{9D26D93A-4009-4E25-B6FA-C3578E96E189}.Debug|Any CPU.Build.0 = Debug|Any CPU
		{9D26D93A-4009-4E25-B6FA-C3578E96E189}.Debug|Any CPU.Deploy.0 = Debug|Any CPU
		{9D26D93A-4009-4E25-B6FA-C3578E96E189}.Debug|ARM.ActiveCfg = Debug|ARM
		{9D26D93A-4009-4E25-B6FA-C3578E96E189}.Debug|ARM.Build.0 = Debug|ARM
		{9D26D93A-4009-4E25-B6FA-C3578E96E189}.Debug|ARM.Deploy.0 = Debug|ARM
		{9D26D93A-4009-4E25-B6FA-C3578E96E189}.Debug|iPhone.ActiveCfg = Debug|Any CPU
		{9D26D93A-4009-4E25-B6FA-C3578E96E189}.Debug|iPhone.Build.0 = Debug|Any CPU
		{9D26D93A-4009-4E25-B6FA-C3578E96E189}.Debug|iPhone.Deploy.0 = Debug|Any CPU
		{9D26D93A-4009-4E25-B6FA-C3578E96E189}.Debug|iPhoneSimulator.ActiveCfg = Debug|Any CPU
		{9D26D93A-4009-4E25-B6FA-C3578E96E189}.Debug|iPhoneSimulator.Build.0 = Debug|Any CPU
		{9D26D93A-4009-4E25-B6FA-C3578E96E189}.Debug|iPhoneSimulator.Deploy.0 = Debug|Any CPU
		{9D26D93A-4009-4E25-B6FA-C3578E96E189}.Debug|x64.ActiveCfg = Debug|Any CPU
		{9D26D93A-4009-4E25-B6FA-C3578E96E189}.Debug|x64.Build.0 = Debug|Any CPU
		{9D26D93A-4009-4E25-B6FA-C3578E96E189}.Debug|x64.Deploy.0 = Debug|Any CPU
		{9D26D93A-4009-4E25-B6FA-C3578E96E189}.Debug|x86.ActiveCfg = Debug|x86
		{9D26D93A-4009-4E25-B6FA-C3578E96E189}.Debug|x86.Build.0 = Debug|x86
		{9D26D93A-4009-4E25-B6FA-C3578E96E189}.Debug|x86.Deploy.0 = Debug|x86
		{9D26D93A-4009-4E25-B6FA-C3578E96E189}.Release|Any CPU.ActiveCfg = Release|Any CPU
		{9D26D93A-4009-4E25-B6FA-C3578E96E189}.Release|Any CPU.Build.0 = Release|Any CPU
		{9D26D93A-4009-4E25-B6FA-C3578E96E189}.Release|Any CPU.Deploy.0 = Release|Any CPU
		{9D26D93A-4009-4E25-B6FA-C3578E96E189}.Release|ARM.ActiveCfg = Release|ARM
		{9D26D93A-4009-4E25-B6FA-C3578E96E189}.Release|ARM.Build.0 = Release|ARM
		{9D26D93A-4009-4E25-B6FA-C3578E96E189}.Release|ARM.Deploy.0 = Release|ARM
		{9D26D93A-4009-4E25-B6FA-C3578E96E189}.Release|iPhone.ActiveCfg = Release|Any CPU
		{9D26D93A-4009-4E25-B6FA-C3578E96E189}.Release|iPhone.Build.0 = Release|Any CPU
		{9D26D93A-4009-4E25-B6FA-C3578E96E189}.Release|iPhone.Deploy.0 = Release|Any CPU
		{9D26D93A-4009-4E25-B6FA-C3578E96E189}.Release|iPhoneSimulator.ActiveCfg = Release|Any CPU
		{9D26D93A-4009-4E25-B6FA-C3578E96E189}.Release|iPhoneSimulator.Build.0 = Release|Any CPU
		{9D26D93A-4009-4E25-B6FA-C3578E96E189}.Release|iPhoneSimulator.Deploy.0 = Release|Any CPU
		{9D26D93A-4009-4E25-B6FA-C3578E96E189}.Release|x64.ActiveCfg = Release|Any CPU
		{9D26D93A-4009-4E25-B6FA-C3578E96E189}.Release|x64.Build.0 = Release|Any CPU
		{9D26D93A-4009-4E25-B6FA-C3578E96E189}.Release|x64.Deploy.0 = Release|Any CPU
		{9D26D93A-4009-4E25-B6FA-C3578E96E189}.Release|x86.ActiveCfg = Release|x86
		{9D26D93A-4009-4E25-B6FA-C3578E96E189}.Release|x86.Build.0 = Release|x86
		{9D26D93A-4009-4E25-B6FA-C3578E96E189}.Release|x86.Deploy.0 = Release|x86
		{97D2090F-D3D5-4A65-9281-7AD5F08C82B1}.Ad-Hoc|Any CPU.ActiveCfg = Release|Any CPU
		{97D2090F-D3D5-4A65-9281-7AD5F08C82B1}.Ad-Hoc|Any CPU.Build.0 = Release|Any CPU
		{97D2090F-D3D5-4A65-9281-7AD5F08C82B1}.Ad-Hoc|Any CPU.Deploy.0 = Release|Any CPU
		{97D2090F-D3D5-4A65-9281-7AD5F08C82B1}.Ad-Hoc|ARM.ActiveCfg = Release|ARM
		{97D2090F-D3D5-4A65-9281-7AD5F08C82B1}.Ad-Hoc|ARM.Build.0 = Release|ARM
		{97D2090F-D3D5-4A65-9281-7AD5F08C82B1}.Ad-Hoc|ARM.Deploy.0 = Release|ARM
		{97D2090F-D3D5-4A65-9281-7AD5F08C82B1}.Ad-Hoc|iPhone.ActiveCfg = Release|Any CPU
		{97D2090F-D3D5-4A65-9281-7AD5F08C82B1}.Ad-Hoc|iPhone.Build.0 = Release|Any CPU
		{97D2090F-D3D5-4A65-9281-7AD5F08C82B1}.Ad-Hoc|iPhone.Deploy.0 = Release|Any CPU
		{97D2090F-D3D5-4A65-9281-7AD5F08C82B1}.Ad-Hoc|iPhoneSimulator.ActiveCfg = Release|Any CPU
		{97D2090F-D3D5-4A65-9281-7AD5F08C82B1}.Ad-Hoc|iPhoneSimulator.Build.0 = Release|Any CPU
		{97D2090F-D3D5-4A65-9281-7AD5F08C82B1}.Ad-Hoc|iPhoneSimulator.Deploy.0 = Release|Any CPU
		{97D2090F-D3D5-4A65-9281-7AD5F08C82B1}.Ad-Hoc|x64.ActiveCfg = Release|x64
		{97D2090F-D3D5-4A65-9281-7AD5F08C82B1}.Ad-Hoc|x64.Build.0 = Release|x64
		{97D2090F-D3D5-4A65-9281-7AD5F08C82B1}.Ad-Hoc|x64.Deploy.0 = Release|x64
		{97D2090F-D3D5-4A65-9281-7AD5F08C82B1}.Ad-Hoc|x86.ActiveCfg = Release|x86
		{97D2090F-D3D5-4A65-9281-7AD5F08C82B1}.Ad-Hoc|x86.Build.0 = Release|x86
		{97D2090F-D3D5-4A65-9281-7AD5F08C82B1}.Ad-Hoc|x86.Deploy.0 = Release|x86
		{97D2090F-D3D5-4A65-9281-7AD5F08C82B1}.AppStore|Any CPU.ActiveCfg = Release|Any CPU
		{97D2090F-D3D5-4A65-9281-7AD5F08C82B1}.AppStore|Any CPU.Build.0 = Release|Any CPU
		{97D2090F-D3D5-4A65-9281-7AD5F08C82B1}.AppStore|Any CPU.Deploy.0 = Release|Any CPU
		{97D2090F-D3D5-4A65-9281-7AD5F08C82B1}.AppStore|ARM.ActiveCfg = Release|ARM
		{97D2090F-D3D5-4A65-9281-7AD5F08C82B1}.AppStore|ARM.Build.0 = Release|ARM
		{97D2090F-D3D5-4A65-9281-7AD5F08C82B1}.AppStore|ARM.Deploy.0 = Release|ARM
		{97D2090F-D3D5-4A65-9281-7AD5F08C82B1}.AppStore|iPhone.ActiveCfg = Release|Any CPU
		{97D2090F-D3D5-4A65-9281-7AD5F08C82B1}.AppStore|iPhone.Build.0 = Release|Any CPU
		{97D2090F-D3D5-4A65-9281-7AD5F08C82B1}.AppStore|iPhone.Deploy.0 = Release|Any CPU
		{97D2090F-D3D5-4A65-9281-7AD5F08C82B1}.AppStore|iPhoneSimulator.ActiveCfg = Release|Any CPU
		{97D2090F-D3D5-4A65-9281-7AD5F08C82B1}.AppStore|iPhoneSimulator.Build.0 = Release|Any CPU
		{97D2090F-D3D5-4A65-9281-7AD5F08C82B1}.AppStore|iPhoneSimulator.Deploy.0 = Release|Any CPU
		{97D2090F-D3D5-4A65-9281-7AD5F08C82B1}.AppStore|x64.ActiveCfg = Release|x64
		{97D2090F-D3D5-4A65-9281-7AD5F08C82B1}.AppStore|x64.Build.0 = Release|x64
		{97D2090F-D3D5-4A65-9281-7AD5F08C82B1}.AppStore|x64.Deploy.0 = Release|x64
		{97D2090F-D3D5-4A65-9281-7AD5F08C82B1}.AppStore|x86.ActiveCfg = Release|x86
		{97D2090F-D3D5-4A65-9281-7AD5F08C82B1}.AppStore|x86.Build.0 = Release|x86
		{97D2090F-D3D5-4A65-9281-7AD5F08C82B1}.AppStore|x86.Deploy.0 = Release|x86
		{97D2090F-D3D5-4A65-9281-7AD5F08C82B1}.Debug|Any CPU.ActiveCfg = Debug|Any CPU
		{97D2090F-D3D5-4A65-9281-7AD5F08C82B1}.Debug|Any CPU.Build.0 = Debug|Any CPU
		{97D2090F-D3D5-4A65-9281-7AD5F08C82B1}.Debug|Any CPU.Deploy.0 = Debug|Any CPU
		{97D2090F-D3D5-4A65-9281-7AD5F08C82B1}.Debug|ARM.ActiveCfg = Debug|ARM
		{97D2090F-D3D5-4A65-9281-7AD5F08C82B1}.Debug|ARM.Build.0 = Debug|ARM
		{97D2090F-D3D5-4A65-9281-7AD5F08C82B1}.Debug|ARM.Deploy.0 = Debug|ARM
		{97D2090F-D3D5-4A65-9281-7AD5F08C82B1}.Debug|iPhone.ActiveCfg = Debug|Any CPU
		{97D2090F-D3D5-4A65-9281-7AD5F08C82B1}.Debug|iPhone.Build.0 = Debug|Any CPU
		{97D2090F-D3D5-4A65-9281-7AD5F08C82B1}.Debug|iPhone.Deploy.0 = Debug|Any CPU
		{97D2090F-D3D5-4A65-9281-7AD5F08C82B1}.Debug|iPhoneSimulator.ActiveCfg = Debug|Any CPU
		{97D2090F-D3D5-4A65-9281-7AD5F08C82B1}.Debug|iPhoneSimulator.Build.0 = Debug|Any CPU
		{97D2090F-D3D5-4A65-9281-7AD5F08C82B1}.Debug|iPhoneSimulator.Deploy.0 = Debug|Any CPU
		{97D2090F-D3D5-4A65-9281-7AD5F08C82B1}.Debug|x64.ActiveCfg = Debug|x64
		{97D2090F-D3D5-4A65-9281-7AD5F08C82B1}.Debug|x64.Build.0 = Debug|x64
		{97D2090F-D3D5-4A65-9281-7AD5F08C82B1}.Debug|x64.Deploy.0 = Debug|x64
		{97D2090F-D3D5-4A65-9281-7AD5F08C82B1}.Debug|x86.ActiveCfg = Debug|x86
		{97D2090F-D3D5-4A65-9281-7AD5F08C82B1}.Debug|x86.Build.0 = Debug|x86
		{97D2090F-D3D5-4A65-9281-7AD5F08C82B1}.Debug|x86.Deploy.0 = Debug|x86
		{97D2090F-D3D5-4A65-9281-7AD5F08C82B1}.Release|Any CPU.ActiveCfg = Release|Any CPU
		{97D2090F-D3D5-4A65-9281-7AD5F08C82B1}.Release|Any CPU.Build.0 = Release|Any CPU
		{97D2090F-D3D5-4A65-9281-7AD5F08C82B1}.Release|Any CPU.Deploy.0 = Release|Any CPU
		{97D2090F-D3D5-4A65-9281-7AD5F08C82B1}.Release|ARM.ActiveCfg = Release|ARM
		{97D2090F-D3D5-4A65-9281-7AD5F08C82B1}.Release|ARM.Build.0 = Release|ARM
		{97D2090F-D3D5-4A65-9281-7AD5F08C82B1}.Release|ARM.Deploy.0 = Release|ARM
		{97D2090F-D3D5-4A65-9281-7AD5F08C82B1}.Release|iPhone.ActiveCfg = Release|Any CPU
		{97D2090F-D3D5-4A65-9281-7AD5F08C82B1}.Release|iPhone.Build.0 = Release|Any CPU
		{97D2090F-D3D5-4A65-9281-7AD5F08C82B1}.Release|iPhone.Deploy.0 = Release|Any CPU
		{97D2090F-D3D5-4A65-9281-7AD5F08C82B1}.Release|iPhoneSimulator.ActiveCfg = Release|Any CPU
		{97D2090F-D3D5-4A65-9281-7AD5F08C82B1}.Release|iPhoneSimulator.Build.0 = Release|Any CPU
		{97D2090F-D3D5-4A65-9281-7AD5F08C82B1}.Release|iPhoneSimulator.Deploy.0 = Release|Any CPU
		{97D2090F-D3D5-4A65-9281-7AD5F08C82B1}.Release|x64.ActiveCfg = Release|x64
		{97D2090F-D3D5-4A65-9281-7AD5F08C82B1}.Release|x64.Build.0 = Release|x64
		{97D2090F-D3D5-4A65-9281-7AD5F08C82B1}.Release|x64.Deploy.0 = Release|x64
		{97D2090F-D3D5-4A65-9281-7AD5F08C82B1}.Release|x86.ActiveCfg = Release|x86
		{97D2090F-D3D5-4A65-9281-7AD5F08C82B1}.Release|x86.Build.0 = Release|x86
		{97D2090F-D3D5-4A65-9281-7AD5F08C82B1}.Release|x86.Deploy.0 = Release|x86
	EndGlobalSection
	GlobalSection(SolutionProperties) = preSolution
		HideSolutionNode = FALSE
	EndGlobalSection
EndGlobal
